
Microsoft Visual Studio Solution File, Format Version 12.00
# Visual Studio 15
VisualStudioVersion = 15.0.26124.0
MinimumVisualStudioVersion = 15.0.26124.0
Project("{2150E333-8FDC-42A3-9474-1A3956D46DE8}") = "src", "src", "{4C7747AD-5D5A-4482-9F76-1048044A2752}"
EndProject
Project("{F2A71F9B-5D33-465A-A702-920D77279786}") = "HelloWorld", "src\HelloWorld\HelloWorld.fsproj", "{A9D82793-7519-4EB5-9ED3-00B00DFB9291}"
EndProject
Project("{F2A71F9B-5D33-465A-A702-920D77279786}") = "Counter", "src\Counter\Counter.fsproj", "{BC4586C6-798A-4F50-9503-3F85C85C34F2}"
EndProject
Project("{F2A71F9B-5D33-465A-A702-920D77279786}") = "InputBox", "src\InputBox\InputBox.fsproj", "{35463082-A014-47C7-8EA3-0B7E7C4247DC}"
EndProject
Project("{F2A71F9B-5D33-465A-A702-920D77279786}") = "Todos", "src\Todos\Todos.fsproj", "{F8CEC045-F20C-49DB-BB56-946937500A54}"
EndProject
Project("{F2A71F9B-5D33-465A-A702-920D77279786}") = "EditableTodos", "src\EditableTodos\EditableTodos.fsproj", "{996472DE-671C-4338-89A2-4554764C9D8B}"
EndProject
Project("{F2A71F9B-5D33-465A-A702-920D77279786}") = "SimpleCounter", "src\SimpleCounter\SimpleCounter.fsproj", "{EB05FCC5-0796-4E50-AECC-748314F2D579}"
EndProject
Project("{F2A71F9B-5D33-465A-A702-920D77279786}") = "LocalStorageEditableTodos", "src\LocalStorageEditableTodos\LocalStorageEditableTodos.fsproj", "{49FCFDD4-E468-49EB-A448-4489C1B849D7}"
EndProject
Project("{F2A71F9B-5D33-465A-A702-920D77279786}") = "FilterTodos", "src\FilterTodos\FilterTodos.fsproj", "{D008FE27-821D-46F5-B968-DD678B609D31}"
EndProject
Project("{2150E333-8FDC-42A3-9474-1A3956D46DE8}") = "docs", "docs", "{F3BDCDE1-8B66-4ABB-95AE-BD3A3C9CF593}"
EndProject
Project("{F2A71F9B-5D33-465A-A702-920D77279786}") = "App", "docs\App\App.fsproj", "{073EA712-745F-4FC8-92DD-CC7C8BFFFE10}"
EndProject
Project("{F2A71F9B-5D33-465A-A702-920D77279786}") = "ManagedTodos", "src\ManagedTodos\ManagedTodos.fsproj", "{485BD8B1-7D1C-4F56-B907-69B8EB2B0D7F}"
EndProject
Global
	GlobalSection(SolutionConfigurationPlatforms) = preSolution
		Debug|Any CPU = Debug|Any CPU
		Debug|x64 = Debug|x64
		Debug|x86 = Debug|x86
		Release|Any CPU = Release|Any CPU
		Release|x64 = Release|x64
		Release|x86 = Release|x86
	EndGlobalSection
	GlobalSection(SolutionProperties) = preSolution
		HideSolutionNode = FALSE
	EndGlobalSection
	GlobalSection(ProjectConfigurationPlatforms) = postSolution
		{A9D82793-7519-4EB5-9ED3-00B00DFB9291}.Debug|Any CPU.ActiveCfg = Debug|Any CPU
		{A9D82793-7519-4EB5-9ED3-00B00DFB9291}.Debug|Any CPU.Build.0 = Debug|Any CPU
		{A9D82793-7519-4EB5-9ED3-00B00DFB9291}.Debug|x64.ActiveCfg = Debug|Any CPU
		{A9D82793-7519-4EB5-9ED3-00B00DFB9291}.Debug|x64.Build.0 = Debug|Any CPU
		{A9D82793-7519-4EB5-9ED3-00B00DFB9291}.Debug|x86.ActiveCfg = Debug|Any CPU
		{A9D82793-7519-4EB5-9ED3-00B00DFB9291}.Debug|x86.Build.0 = Debug|Any CPU
		{A9D82793-7519-4EB5-9ED3-00B00DFB9291}.Release|Any CPU.ActiveCfg = Release|Any CPU
		{A9D82793-7519-4EB5-9ED3-00B00DFB9291}.Release|Any CPU.Build.0 = Release|Any CPU
		{A9D82793-7519-4EB5-9ED3-00B00DFB9291}.Release|x64.ActiveCfg = Release|Any CPU
		{A9D82793-7519-4EB5-9ED3-00B00DFB9291}.Release|x64.Build.0 = Release|Any CPU
		{A9D82793-7519-4EB5-9ED3-00B00DFB9291}.Release|x86.ActiveCfg = Release|Any CPU
		{A9D82793-7519-4EB5-9ED3-00B00DFB9291}.Release|x86.Build.0 = Release|Any CPU
		{BC4586C6-798A-4F50-9503-3F85C85C34F2}.Debug|Any CPU.ActiveCfg = Debug|Any CPU
		{BC4586C6-798A-4F50-9503-3F85C85C34F2}.Debug|Any CPU.Build.0 = Debug|Any CPU
		{BC4586C6-798A-4F50-9503-3F85C85C34F2}.Debug|x64.ActiveCfg = Debug|Any CPU
		{BC4586C6-798A-4F50-9503-3F85C85C34F2}.Debug|x64.Build.0 = Debug|Any CPU
		{BC4586C6-798A-4F50-9503-3F85C85C34F2}.Debug|x86.ActiveCfg = Debug|Any CPU
		{BC4586C6-798A-4F50-9503-3F85C85C34F2}.Debug|x86.Build.0 = Debug|Any CPU
		{BC4586C6-798A-4F50-9503-3F85C85C34F2}.Release|Any CPU.ActiveCfg = Release|Any CPU
		{BC4586C6-798A-4F50-9503-3F85C85C34F2}.Release|Any CPU.Build.0 = Release|Any CPU
		{BC4586C6-798A-4F50-9503-3F85C85C34F2}.Release|x64.ActiveCfg = Release|Any CPU
		{BC4586C6-798A-4F50-9503-3F85C85C34F2}.Release|x64.Build.0 = Release|Any CPU
		{BC4586C6-798A-4F50-9503-3F85C85C34F2}.Release|x86.ActiveCfg = Release|Any CPU
		{BC4586C6-798A-4F50-9503-3F85C85C34F2}.Release|x86.Build.0 = Release|Any CPU
		{35463082-A014-47C7-8EA3-0B7E7C4247DC}.Debug|Any CPU.ActiveCfg = Debug|Any CPU
		{35463082-A014-47C7-8EA3-0B7E7C4247DC}.Debug|Any CPU.Build.0 = Debug|Any CPU
		{35463082-A014-47C7-8EA3-0B7E7C4247DC}.Debug|x64.ActiveCfg = Debug|Any CPU
		{35463082-A014-47C7-8EA3-0B7E7C4247DC}.Debug|x64.Build.0 = Debug|Any CPU
		{35463082-A014-47C7-8EA3-0B7E7C4247DC}.Debug|x86.ActiveCfg = Debug|Any CPU
		{35463082-A014-47C7-8EA3-0B7E7C4247DC}.Debug|x86.Build.0 = Debug|Any CPU
		{35463082-A014-47C7-8EA3-0B7E7C4247DC}.Release|Any CPU.ActiveCfg = Release|Any CPU
		{35463082-A014-47C7-8EA3-0B7E7C4247DC}.Release|Any CPU.Build.0 = Release|Any CPU
		{35463082-A014-47C7-8EA3-0B7E7C4247DC}.Release|x64.ActiveCfg = Release|Any CPU
		{35463082-A014-47C7-8EA3-0B7E7C4247DC}.Release|x64.Build.0 = Release|Any CPU
		{35463082-A014-47C7-8EA3-0B7E7C4247DC}.Release|x86.ActiveCfg = Release|Any CPU
		{35463082-A014-47C7-8EA3-0B7E7C4247DC}.Release|x86.Build.0 = Release|Any CPU
		{F8CEC045-F20C-49DB-BB56-946937500A54}.Debug|Any CPU.ActiveCfg = Debug|Any CPU
		{F8CEC045-F20C-49DB-BB56-946937500A54}.Debug|Any CPU.Build.0 = Debug|Any CPU
		{F8CEC045-F20C-49DB-BB56-946937500A54}.Debug|x64.ActiveCfg = Debug|Any CPU
		{F8CEC045-F20C-49DB-BB56-946937500A54}.Debug|x64.Build.0 = Debug|Any CPU
		{F8CEC045-F20C-49DB-BB56-946937500A54}.Debug|x86.ActiveCfg = Debug|Any CPU
		{F8CEC045-F20C-49DB-BB56-946937500A54}.Debug|x86.Build.0 = Debug|Any CPU
		{F8CEC045-F20C-49DB-BB56-946937500A54}.Release|Any CPU.ActiveCfg = Release|Any CPU
		{F8CEC045-F20C-49DB-BB56-946937500A54}.Release|Any CPU.Build.0 = Release|Any CPU
		{F8CEC045-F20C-49DB-BB56-946937500A54}.Release|x64.ActiveCfg = Release|Any CPU
		{F8CEC045-F20C-49DB-BB56-946937500A54}.Release|x64.Build.0 = Release|Any CPU
		{F8CEC045-F20C-49DB-BB56-946937500A54}.Release|x86.ActiveCfg = Release|Any CPU
		{F8CEC045-F20C-49DB-BB56-946937500A54}.Release|x86.Build.0 = Release|Any CPU
		{996472DE-671C-4338-89A2-4554764C9D8B}.Debug|Any CPU.ActiveCfg = Debug|Any CPU
		{996472DE-671C-4338-89A2-4554764C9D8B}.Debug|Any CPU.Build.0 = Debug|Any CPU
		{996472DE-671C-4338-89A2-4554764C9D8B}.Debug|x64.ActiveCfg = Debug|Any CPU
		{996472DE-671C-4338-89A2-4554764C9D8B}.Debug|x64.Build.0 = Debug|Any CPU
		{996472DE-671C-4338-89A2-4554764C9D8B}.Debug|x86.ActiveCfg = Debug|Any CPU
		{996472DE-671C-4338-89A2-4554764C9D8B}.Debug|x86.Build.0 = Debug|Any CPU
		{996472DE-671C-4338-89A2-4554764C9D8B}.Release|Any CPU.ActiveCfg = Release|Any CPU
		{996472DE-671C-4338-89A2-4554764C9D8B}.Release|Any CPU.Build.0 = Release|Any CPU
		{996472DE-671C-4338-89A2-4554764C9D8B}.Release|x64.ActiveCfg = Release|Any CPU
		{996472DE-671C-4338-89A2-4554764C9D8B}.Release|x64.Build.0 = Release|Any CPU
		{996472DE-671C-4338-89A2-4554764C9D8B}.Release|x86.ActiveCfg = Release|Any CPU
		{996472DE-671C-4338-89A2-4554764C9D8B}.Release|x86.Build.0 = Release|Any CPU
		{EB05FCC5-0796-4E50-AECC-748314F2D579}.Debug|Any CPU.ActiveCfg = Debug|Any CPU
		{EB05FCC5-0796-4E50-AECC-748314F2D579}.Debug|Any CPU.Build.0 = Debug|Any CPU
		{EB05FCC5-0796-4E50-AECC-748314F2D579}.Debug|x64.ActiveCfg = Debug|Any CPU
		{EB05FCC5-0796-4E50-AECC-748314F2D579}.Debug|x64.Build.0 = Debug|Any CPU
		{EB05FCC5-0796-4E50-AECC-748314F2D579}.Debug|x86.ActiveCfg = Debug|Any CPU
		{EB05FCC5-0796-4E50-AECC-748314F2D579}.Debug|x86.Build.0 = Debug|Any CPU
		{EB05FCC5-0796-4E50-AECC-748314F2D579}.Release|Any CPU.ActiveCfg = Release|Any CPU
		{EB05FCC5-0796-4E50-AECC-748314F2D579}.Release|Any CPU.Build.0 = Release|Any CPU
		{EB05FCC5-0796-4E50-AECC-748314F2D579}.Release|x64.ActiveCfg = Release|Any CPU
		{EB05FCC5-0796-4E50-AECC-748314F2D579}.Release|x64.Build.0 = Release|Any CPU
		{EB05FCC5-0796-4E50-AECC-748314F2D579}.Release|x86.ActiveCfg = Release|Any CPU
		{EB05FCC5-0796-4E50-AECC-748314F2D579}.Release|x86.Build.0 = Release|Any CPU
		{49FCFDD4-E468-49EB-A448-4489C1B849D7}.Debug|Any CPU.ActiveCfg = Debug|Any CPU
		{49FCFDD4-E468-49EB-A448-4489C1B849D7}.Debug|Any CPU.Build.0 = Debug|Any CPU
		{49FCFDD4-E468-49EB-A448-4489C1B849D7}.Debug|x64.ActiveCfg = Debug|Any CPU
		{49FCFDD4-E468-49EB-A448-4489C1B849D7}.Debug|x64.Build.0 = Debug|Any CPU
		{49FCFDD4-E468-49EB-A448-4489C1B849D7}.Debug|x86.ActiveCfg = Debug|Any CPU
		{49FCFDD4-E468-49EB-A448-4489C1B849D7}.Debug|x86.Build.0 = Debug|Any CPU
		{49FCFDD4-E468-49EB-A448-4489C1B849D7}.Release|Any CPU.ActiveCfg = Release|Any CPU
		{49FCFDD4-E468-49EB-A448-4489C1B849D7}.Release|Any CPU.Build.0 = Release|Any CPU
		{49FCFDD4-E468-49EB-A448-4489C1B849D7}.Release|x64.ActiveCfg = Release|Any CPU
		{49FCFDD4-E468-49EB-A448-4489C1B849D7}.Release|x64.Build.0 = Release|Any CPU
		{49FCFDD4-E468-49EB-A448-4489C1B849D7}.Release|x86.ActiveCfg = Release|Any CPU
		{49FCFDD4-E468-49EB-A448-4489C1B849D7}.Release|x86.Build.0 = Release|Any CPU
		{D008FE27-821D-46F5-B968-DD678B609D31}.Debug|Any CPU.ActiveCfg = Debug|Any CPU
		{D008FE27-821D-46F5-B968-DD678B609D31}.Debug|Any CPU.Build.0 = Debug|Any CPU
		{D008FE27-821D-46F5-B968-DD678B609D31}.Debug|x64.ActiveCfg = Debug|Any CPU
		{D008FE27-821D-46F5-B968-DD678B609D31}.Debug|x64.Build.0 = Debug|Any CPU
		{D008FE27-821D-46F5-B968-DD678B609D31}.Debug|x86.ActiveCfg = Debug|Any CPU
		{D008FE27-821D-46F5-B968-DD678B609D31}.Debug|x86.Build.0 = Debug|Any CPU
		{D008FE27-821D-46F5-B968-DD678B609D31}.Release|Any CPU.ActiveCfg = Release|Any CPU
		{D008FE27-821D-46F5-B968-DD678B609D31}.Release|Any CPU.Build.0 = Release|Any CPU
		{D008FE27-821D-46F5-B968-DD678B609D31}.Release|x64.ActiveCfg = Release|Any CPU
		{D008FE27-821D-46F5-B968-DD678B609D31}.Release|x64.Build.0 = Release|Any CPU
		{D008FE27-821D-46F5-B968-DD678B609D31}.Release|x86.ActiveCfg = Release|Any CPU
		{D008FE27-821D-46F5-B968-DD678B609D31}.Release|x86.Build.0 = Release|Any CPU
		{073EA712-745F-4FC8-92DD-CC7C8BFFFE10}.Debug|Any CPU.ActiveCfg = Debug|Any CPU
		{073EA712-745F-4FC8-92DD-CC7C8BFFFE10}.Debug|Any CPU.Build.0 = Debug|Any CPU
		{073EA712-745F-4FC8-92DD-CC7C8BFFFE10}.Debug|x64.ActiveCfg = Debug|Any CPU
		{073EA712-745F-4FC8-92DD-CC7C8BFFFE10}.Debug|x64.Build.0 = Debug|Any CPU
		{073EA712-745F-4FC8-92DD-CC7C8BFFFE10}.Debug|x86.ActiveCfg = Debug|Any CPU
		{073EA712-745F-4FC8-92DD-CC7C8BFFFE10}.Debug|x86.Build.0 = Debug|Any CPU
		{073EA712-745F-4FC8-92DD-CC7C8BFFFE10}.Release|Any CPU.ActiveCfg = Release|Any CPU
		{073EA712-745F-4FC8-92DD-CC7C8BFFFE10}.Release|Any CPU.Build.0 = Release|Any CPU
		{073EA712-745F-4FC8-92DD-CC7C8BFFFE10}.Release|x64.ActiveCfg = Release|Any CPU
		{073EA712-745F-4FC8-92DD-CC7C8BFFFE10}.Release|x64.Build.0 = Release|Any CPU
		{073EA712-745F-4FC8-92DD-CC7C8BFFFE10}.Release|x86.ActiveCfg = Release|Any CPU
		{073EA712-745F-4FC8-92DD-CC7C8BFFFE10}.Release|x86.Build.0 = Release|Any CPU
		{485BD8B1-7D1C-4F56-B907-69B8EB2B0D7F}.Debug|Any CPU.ActiveCfg = Debug|Any CPU
		{485BD8B1-7D1C-4F56-B907-69B8EB2B0D7F}.Debug|Any CPU.Build.0 = Debug|Any CPU
		{485BD8B1-7D1C-4F56-B907-69B8EB2B0D7F}.Debug|x64.ActiveCfg = Debug|Any CPU
		{485BD8B1-7D1C-4F56-B907-69B8EB2B0D7F}.Debug|x64.Build.0 = Debug|Any CPU
		{485BD8B1-7D1C-4F56-B907-69B8EB2B0D7F}.Debug|x86.ActiveCfg = Debug|Any CPU
		{485BD8B1-7D1C-4F56-B907-69B8EB2B0D7F}.Debug|x86.Build.0 = Debug|Any CPU
		{485BD8B1-7D1C-4F56-B907-69B8EB2B0D7F}.Release|Any CPU.ActiveCfg = Release|Any CPU
		{485BD8B1-7D1C-4F56-B907-69B8EB2B0D7F}.Release|Any CPU.Build.0 = Release|Any CPU
		{485BD8B1-7D1C-4F56-B907-69B8EB2B0D7F}.Release|x64.ActiveCfg = Release|Any CPU
		{485BD8B1-7D1C-4F56-B907-69B8EB2B0D7F}.Release|x64.Build.0 = Release|Any CPU
		{485BD8B1-7D1C-4F56-B907-69B8EB2B0D7F}.Release|x86.ActiveCfg = Release|Any CPU
		{485BD8B1-7D1C-4F56-B907-69B8EB2B0D7F}.Release|x86.Build.0 = Release|Any CPU
	EndGlobalSection
	GlobalSection(NestedProjects) = preSolution
		{A9D82793-7519-4EB5-9ED3-00B00DFB9291} = {4C7747AD-5D5A-4482-9F76-1048044A2752}
		{BC4586C6-798A-4F50-9503-3F85C85C34F2} = {4C7747AD-5D5A-4482-9F76-1048044A2752}
		{35463082-A014-47C7-8EA3-0B7E7C4247DC} = {4C7747AD-5D5A-4482-9F76-1048044A2752}
		{F8CEC045-F20C-49DB-BB56-946937500A54} = {4C7747AD-5D5A-4482-9F76-1048044A2752}
		{996472DE-671C-4338-89A2-4554764C9D8B} = {4C7747AD-5D5A-4482-9F76-1048044A2752}
		{EB05FCC5-0796-4E50-AECC-748314F2D579} = {4C7747AD-5D5A-4482-9F76-1048044A2752}
		{49FCFDD4-E468-49EB-A448-4489C1B849D7} = {4C7747AD-5D5A-4482-9F76-1048044A2752}
		{D008FE27-821D-46F5-B968-DD678B609D31} = {4C7747AD-5D5A-4482-9F76-1048044A2752}
		{073EA712-745F-4FC8-92DD-CC7C8BFFFE10} = {F3BDCDE1-8B66-4ABB-95AE-BD3A3C9CF593}
		{485BD8B1-7D1C-4F56-B907-69B8EB2B0D7F} = {4C7747AD-5D5A-4482-9F76-1048044A2752}
	EndGlobalSection
EndGlobal
